
Microsoft Visual Studio Solution File, Format Version 12.00
# Visual Studio Version 17
VisualStudioVersion = 17.8.34219.65
MinimumVisualStudioVersion = 10.0.40219.1
Project("{FAE04EC0-301F-11D3-BF4B-00C04F79EFBC}") = "game", "game.csproj", "{55A05690-F74C-48F3-AAD5-9C8ED74C7395}"
EndProject
Global
	GlobalSection(SolutionConfigurationPlatforms) = preSolution
		Debug|Any CPU = Debug|Any CPU
		Release|Any CPU = Release|Any CPU
	EndGlobalSection
	GlobalSection(ProjectConfigurationPlatforms) = postSolution
		{55A05690-F74C-48F3-AAD5-9C8ED74C7395}.Debug|Any CPU.ActiveCfg = Debug|Any CPU
		{55A05690-F74C-48F3-AAD5-9C8ED74C7395}.Debug|Any CPU.Build.0 = Debug|Any CPU
		{55A05690-F74C-48F3-AAD5-9C8ED74C7395}.Release|Any CPU.ActiveCfg = Release|Any CPU
		{55A05690-F74C-48F3-AAD5-9C8ED74C7395}.Release|Any CPU.Build.0 = Release|Any CPU
	EndGlobalSection
	GlobalSection(SolutionProperties) = preSolution
		HideSolutionNode = FALSE
	EndGlobalSection
	GlobalSection(ExtensibilityGlobals) = postSolution
		SolutionGuid = {734263A7-B03A-47BD-A943-370A57C813C4}
	EndGlobalSection
EndGlobal
