
Microsoft Visual Studio Solution File, Format Version 12.00
# Visual Studio Version 17
VisualStudioVersion = 17.8.34219.65
MinimumVisualStudioVersion = 10.0.40219.1
Project("{FAE04EC0-301F-11D3-BF4B-00C04F79EFBC}") = "c#711", "c#711.csproj", "{71673AD3-0CCB-42FB-8BC6-812B5D86EFAE}"
EndProject
Global
	GlobalSection(SolutionConfigurationPlatforms) = preSolution
		Debug|Any CPU = Debug|Any CPU
		Release|Any CPU = Release|Any CPU
	EndGlobalSection
	GlobalSection(ProjectConfigurationPlatforms) = postSolution
		{71673AD3-0CCB-42FB-8BC6-812B5D86EFAE}.Debug|Any CPU.ActiveCfg = Debug|Any CPU
		{71673AD3-0CCB-42FB-8BC6-812B5D86EFAE}.Debug|Any CPU.Build.0 = Debug|Any CPU
		{71673AD3-0CCB-42FB-8BC6-812B5D86EFAE}.Release|Any CPU.ActiveCfg = Release|Any CPU
		{71673AD3-0CCB-42FB-8BC6-812B5D86EFAE}.Release|Any CPU.Build.0 = Release|Any CPU
	EndGlobalSection
	GlobalSection(SolutionProperties) = preSolution
		HideSolutionNode = FALSE
	EndGlobalSection
	GlobalSection(ExtensibilityGlobals) = postSolution
		SolutionGuid = {41390B5E-C3C5-4EFB-B5BD-135B4BD6E287}
	EndGlobalSection
EndGlobal
