
Microsoft Visual Studio Solution File, Format Version 12.00
# Visual Studio Version 17
VisualStudioVersion = 17.7.34221.43
MinimumVisualStudioVersion = 10.0.40219.1
Project("{FAE04EC0-301F-11D3-BF4B-00C04F79EFBC}") = "PRL", "LEDUCANH-PH54751-DAM\PRL.csproj", "{9ED071FE-2EB3-40EC-9F02-E9B87611BD10}"
EndProject
Project("{FAE04EC0-301F-11D3-BF4B-00C04F79EFBC}") = "BUS", "ClassLibrary1\BUS.csproj", "{07C65953-C247-4E1A-A746-5FF7B5220282}"
EndProject
Project("{FAE04EC0-301F-11D3-BF4B-00C04F79EFBC}") = "DAL", "DAL\DAL.csproj", "{C63A2030-4F8B-4470-842D-18516BF71A4A}"
EndProject
Global
	GlobalSection(SolutionConfigurationPlatforms) = preSolution
		Debug|Any CPU = Debug|Any CPU
		Release|Any CPU = Release|Any CPU
	EndGlobalSection
	GlobalSection(ProjectConfigurationPlatforms) = postSolution
		{9ED071FE-2EB3-40EC-9F02-E9B87611BD10}.Debug|Any CPU.ActiveCfg = Debug|Any CPU
		{9ED071FE-2EB3-40EC-9F02-E9B87611BD10}.Debug|Any CPU.Build.0 = Debug|Any CPU
		{9ED071FE-2EB3-40EC-9F02-E9B87611BD10}.Release|Any CPU.ActiveCfg = Release|Any CPU
		{9ED071FE-2EB3-40EC-9F02-E9B87611BD10}.Release|Any CPU.Build.0 = Release|Any CPU
		{07C65953-C247-4E1A-A746-5FF7B5220282}.Debug|Any CPU.ActiveCfg = Debug|Any CPU
		{07C65953-C247-4E1A-A746-5FF7B5220282}.Debug|Any CPU.Build.0 = Debug|Any CPU
		{07C65953-C247-4E1A-A746-5FF7B5220282}.Release|Any CPU.ActiveCfg = Release|Any CPU
		{07C65953-C247-4E1A-A746-5FF7B5220282}.Release|Any CPU.Build.0 = Release|Any CPU
		{C63A2030-4F8B-4470-842D-18516BF71A4A}.Debug|Any CPU.ActiveCfg = Debug|Any CPU
		{C63A2030-4F8B-4470-842D-18516BF71A4A}.Debug|Any CPU.Build.0 = Debug|Any CPU
		{C63A2030-4F8B-4470-842D-18516BF71A4A}.Release|Any CPU.ActiveCfg = Release|Any CPU
		{C63A2030-4F8B-4470-842D-18516BF71A4A}.Release|Any CPU.Build.0 = Release|Any CPU
	EndGlobalSection
	GlobalSection(SolutionProperties) = preSolution
		HideSolutionNode = FALSE
	EndGlobalSection
	GlobalSection(ExtensibilityGlobals) = postSolution
		SolutionGuid = {50C2C439-20BE-453A-A8E7-DA6BF4B0D465}
	EndGlobalSection
EndGlobal
