
Microsoft Visual Studio Solution File, Format Version 12.00
# Visual Studio Version 17
VisualStudioVersion = 17.8.34219.65
MinimumVisualStudioVersion = 10.0.40219.1
Project("{FAE04EC0-301F-11D3-BF4B-00C04F79EFBC}") = "ConsoleApp1", "ConsoleApp1.csproj", "{75CEFF8A-3E51-4C4B-B491-63007249FDB6}"
EndProject
Global
	GlobalSection(SolutionConfigurationPlatforms) = preSolution
		Debug|Any CPU = Debug|Any CPU
		Release|Any CPU = Release|Any CPU
	EndGlobalSection
	GlobalSection(ProjectConfigurationPlatforms) = postSolution
		{75CEFF8A-3E51-4C4B-B491-63007249FDB6}.Debug|Any CPU.ActiveCfg = Debug|Any CPU
		{75CEFF8A-3E51-4C4B-B491-63007249FDB6}.Debug|Any CPU.Build.0 = Debug|Any CPU
		{75CEFF8A-3E51-4C4B-B491-63007249FDB6}.Release|Any CPU.ActiveCfg = Release|Any CPU
		{75CEFF8A-3E51-4C4B-B491-63007249FDB6}.Release|Any CPU.Build.0 = Release|Any CPU
	EndGlobalSection
	GlobalSection(SolutionProperties) = preSolution
		HideSolutionNode = FALSE
	EndGlobalSection
	GlobalSection(ExtensibilityGlobals) = postSolution
		SolutionGuid = {A5AD5F34-0C34-42AE-9F6F-D52538DEA79E}
	EndGlobalSection
EndGlobal
