
Microsoft Visual Studio Solution File, Format Version 12.00
# Visual Studio Version 17
VisualStudioVersion = 17.7.34221.43
MinimumVisualStudioVersion = 10.0.40219.1
Project("{FAE04EC0-301F-11D3-BF4B-00C04F79EFBC}") = "PRL", "PRL\PRL.csproj", "{E10FA992-F60B-408D-BC33-46368D473C08}"
EndProject
Project("{FAE04EC0-301F-11D3-BF4B-00C04F79EFBC}") = "BUS", "BUS\BUS.csproj", "{3E096666-85B1-4E2C-B466-301AFBC2C9BC}"
EndProject
Project("{FAE04EC0-301F-11D3-BF4B-00C04F79EFBC}") = "DAL", "DAL\DAL.csproj", "{E7DDC32A-748A-4A6F-92F9-7581B87272EB}"
EndProject
Global
	GlobalSection(SolutionConfigurationPlatforms) = preSolution
		Debug|Any CPU = Debug|Any CPU
		Release|Any CPU = Release|Any CPU
	EndGlobalSection
	GlobalSection(ProjectConfigurationPlatforms) = postSolution
		{E10FA992-F60B-408D-BC33-46368D473C08}.Debug|Any CPU.ActiveCfg = Debug|Any CPU
		{E10FA992-F60B-408D-BC33-46368D473C08}.Debug|Any CPU.Build.0 = Debug|Any CPU
		{E10FA992-F60B-408D-BC33-46368D473C08}.Release|Any CPU.ActiveCfg = Release|Any CPU
		{E10FA992-F60B-408D-BC33-46368D473C08}.Release|Any CPU.Build.0 = Release|Any CPU
		{3E096666-85B1-4E2C-B466-301AFBC2C9BC}.Debug|Any CPU.ActiveCfg = Debug|Any CPU
		{3E096666-85B1-4E2C-B466-301AFBC2C9BC}.Debug|Any CPU.Build.0 = Debug|Any CPU
		{3E096666-85B1-4E2C-B466-301AFBC2C9BC}.Release|Any CPU.ActiveCfg = Release|Any CPU
		{3E096666-85B1-4E2C-B466-301AFBC2C9BC}.Release|Any CPU.Build.0 = Release|Any CPU
		{E7DDC32A-748A-4A6F-92F9-7581B87272EB}.Debug|Any CPU.ActiveCfg = Debug|Any CPU
		{E7DDC32A-748A-4A6F-92F9-7581B87272EB}.Debug|Any CPU.Build.0 = Debug|Any CPU
		{E7DDC32A-748A-4A6F-92F9-7581B87272EB}.Release|Any CPU.ActiveCfg = Release|Any CPU
		{E7DDC32A-748A-4A6F-92F9-7581B87272EB}.Release|Any CPU.Build.0 = Release|Any CPU
	EndGlobalSection
	GlobalSection(SolutionProperties) = preSolution
		HideSolutionNode = FALSE
	EndGlobalSection
	GlobalSection(ExtensibilityGlobals) = postSolution
		SolutionGuid = {7F1C4CEC-7ADD-49D7-80C6-7A81B1165B31}
	EndGlobalSection
EndGlobal
